// !$*UTF8*$!
{
	archiveVersion = 1;
	classes = {
	};
	objectVersion = 46;
	objects = {

/* Begin PBXBuildFile section */
		2003C6071E714E220051BD48 /* main.m in Sources */ = {isa = PBXBuildFile; fileRef = 2003C6061E714E220051BD48 /* main.m */; };
		2003C60A1E714E220051BD48 /* AppDelegate.m in Sources */ = {isa = PBXBuildFile; fileRef = 2003C6091E714E220051BD48 /* AppDelegate.m */; };
		2003C60D1E714E220051BD48 /* ViewController.m in Sources */ = {isa = PBXBuildFile; fileRef = 2003C60C1E714E220051BD48 /* ViewController.m */; };
		2003C6101E714E220051BD48 /* Main.storyboard in Resources */ = {isa = PBXBuildFile; fileRef = 2003C60E1E714E220051BD48 /* Main.storyboard */; };
		2003C6121E714E220051BD48 /* Assets.xcassets in Resources */ = {isa = PBXBuildFile; fileRef = 2003C6111E714E220051BD48 /* Assets.xcassets */; };
		2003C6151E714E220051BD48 /* LaunchScreen.storyboard in Resources */ = {isa = PBXBuildFile; fileRef = 2003C6131E714E220051BD48 /* LaunchScreen.storyboard */; };
		2003C6201E714E220051BD48 /* CategoryTests.m in Sources */ = {isa = PBXBuildFile; fileRef = 2003C61F1E714E220051BD48 /* CategoryTests.m */; };
		2003C62B1E714E220051BD48 /* CategoryUITests.m in Sources */ = {isa = PBXBuildFile; fileRef = 2003C62A1E714E220051BD48 /* CategoryUITests.m */; };
		2003C63A1E714E300051BD48 /* MyClass.m in Sources */ = {isa = PBXBuildFile; fileRef = 2003C6391E714E300051BD48 /* MyClass.m */; };
		2003C63D1E714E440051BD48 /* MyClass+MyAddition.m in Sources */ = {isa = PBXBuildFile; fileRef = 2003C63C1E714E440051BD48 /* MyClass+MyAddition.m */; };
/* End PBXBuildFile section */

/* Begin PBXContainerItemProxy section */
		2003C61C1E714E220051BD48 /* PBXContainerItemProxy */ = {
			isa = PBXContainerItemProxy;
			containerPortal = 2003C5FA1E714E220051BD48 /* Project object */;
			proxyType = 1;
			remoteGlobalIDString = 2003C6011E714E220051BD48;
			remoteInfo = Category;
		};
		2003C6271E714E220051BD48 /* PBXContainerItemProxy */ = {
			isa = PBXContainerItemProxy;
			containerPortal = 2003C5FA1E714E220051BD48 /* Project object */;
			proxyType = 1;
			remoteGlobalIDString = 2003C6011E714E220051BD48;
			remoteInfo = Category;
		};
/* End PBXContainerItemProxy section */

/* Begin PBXFileReference section */
		2003C6021E714E220051BD48 /* Category.app */ = {isa = PBXFileReference; explicitFileType = wrapper.application; includeInIndex = 0; path = Category.app; sourceTree = BUILT_PRODUCTS_DIR; };
		2003C6061E714E220051BD48 /* main.m */ = {isa = PBXFileReference; lastKnownFileType = sourcecode.c.objc; path = main.m; sourceTree = "<group>"; };
		2003C6081E714E220051BD48 /* AppDelegate.h */ = {isa = PBXFileReference; lastKnownFileType = sourcecode.c.h; path = AppDelegate.h; sourceTree = "<group>"; };
		2003C6091E714E220051BD48 /* AppDelegate.m */ = {isa = PBXFileReference; lastKnownFileType = sourcecode.c.objc; path = AppDelegate.m; sourceTree = "<group>"; };
		2003C60B1E714E220051BD48 /* ViewController.h */ = {isa = PBXFileReference; lastKnownFileType = sourcecode.c.h; path = ViewController.h; sourceTree = "<group>"; };
		2003C60C1E714E220051BD48 /* ViewController.m */ = {isa = PBXFileReference; lastKnownFileType = sourcecode.c.objc; path = ViewController.m; sourceTree = "<group>"; };
		2003C60F1E714E220051BD48 /* Base */ = {isa = PBXFileReference; lastKnownFileType = file.storyboard; name = Base; path = Base.lproj/Main.storyboard; sourceTree = "<group>"; };
		2003C6111E714E220051BD48 /* Assets.xcassets */ = {isa = PBXFileReference; lastKnownFileType = folder.assetcatalog; path = Assets.xcassets; sourceTree = "<group>"; };
		2003C6141E714E220051BD48 /* Base */ = {isa = PBXFileReference; lastKnownFileType = file.storyboard; name = Base; path = Base.lproj/LaunchScreen.storyboard; sourceTree = "<group>"; };
		2003C6161E714E220051BD48 /* Info.plist */ = {isa = PBXFileReference; lastKnownFileType = text.plist.xml; path = Info.plist; sourceTree = "<group>"; };
		2003C61B1E714E220051BD48 /* CategoryTests.xctest */ = {isa = PBXFileReference; explicitFileType = wrapper.cfbundle; includeInIndex = 0; path = CategoryTests.xctest; sourceTree = BUILT_PRODUCTS_DIR; };
		2003C61F1E714E220051BD48 /* CategoryTests.m */ = {isa = PBXFileReference; lastKnownFileType = sourcecode.c.objc; path = CategoryTests.m; sourceTree = "<group>"; };
		2003C6211E714E220051BD48 /* Info.plist */ = {isa = PBXFileReference; lastKnownFileType = text.plist.xml; path = Info.plist; sourceTree = "<group>"; };
		2003C6261E714E220051BD48 /* CategoryUITests.xctest */ = {isa = PBXFileReference; explicitFileType = wrapper.cfbundle; includeInIndex = 0; path = CategoryUITests.xctest; sourceTree = BUILT_PRODUCTS_DIR; };
		2003C62A1E714E220051BD48 /* CategoryUITests.m */ = {isa = PBXFileReference; lastKnownFileType = sourcecode.c.objc; path = CategoryUITests.m; sourceTree = "<group>"; };
		2003C62C1E714E220051BD48 /* Info.plist */ = {isa = PBXFileReference; lastKnownFileType = text.plist.xml; path = Info.plist; sourceTree = "<group>"; };
		2003C6381E714E300051BD48 /* MyClass.h */ = {isa = PBXFileReference; fileEncoding = 4; lastKnownFileType = sourcecode.c.h; path = MyClass.h; sourceTree = "<group>"; };
		2003C6391E714E300051BD48 /* MyClass.m */ = {isa = PBXFileReference; fileEncoding = 4; lastKnownFileType = sourcecode.c.objc; path = MyClass.m; sourceTree = "<group>"; };
		2003C63B1E714E440051BD48 /* MyClass+MyAddition.h */ = {isa = PBXFileReference; fileEncoding = 4; lastKnownFileType = sourcecode.c.h; path = "MyClass+MyAddition.h"; sourceTree = "<group>"; };
		2003C63C1E714E440051BD48 /* MyClass+MyAddition.m */ = {isa = PBXFileReference; fileEncoding = 4; lastKnownFileType = sourcecode.c.objc; path = "MyClass+MyAddition.m"; sourceTree = "<group>"; };
/* End PBXFileReference section */

/* Begin PBXFrameworksBuildPhase section */
		2003C5FF1E714E220051BD48 /* Frameworks */ = {
			isa = PBXFrameworksBuildPhase;
			buildActionMask = 2147483647;
			files = (
			);
			runOnlyForDeploymentPostprocessing = 0;
		};
		2003C6181E714E220051BD48 /* Frameworks */ = {
			isa = PBXFrameworksBuildPhase;
			buildActionMask = 2147483647;
			files = (
			);
			runOnlyForDeploymentPostprocessing = 0;
		};
		2003C6231E714E220051BD48 /* Frameworks */ = {
			isa = PBXFrameworksBuildPhase;
			buildActionMask = 2147483647;
			files = (
			);
			runOnlyForDeploymentPostprocessing = 0;
		};
/* End PBXFrameworksBuildPhase section */

/* Begin PBXGroup section */
		2003C5F91E714E220051BD48 = {
			isa = PBXGroup;
			children = (
				2003C6041E714E220051BD48 /* Category */,
				2003C61E1E714E220051BD48 /* CategoryTests */,
				2003C6291E714E220051BD48 /* CategoryUITests */,
				2003C6031E714E220051BD48 /* Products */,
			);
			sourceTree = "<group>";
		};
		2003C6031E714E220051BD48 /* Products */ = {
			isa = PBXGroup;
			children = (
				2003C6021E714E220051BD48 /* Category.app */,
				2003C61B1E714E220051BD48 /* CategoryTests.xctest */,
				2003C6261E714E220051BD48 /* CategoryUITests.xctest */,
			);
			name = Products;
			sourceTree = "<group>";
		};
		2003C6041E714E220051BD48 /* Category */ = {
			isa = PBXGroup;
			children = (
				2003C6081E714E220051BD48 /* AppDelegate.h */,
				2003C6091E714E220051BD48 /* AppDelegate.m */,
				2003C60B1E714E220051BD48 /* ViewController.h */,
				2003C60C1E714E220051BD48 /* ViewController.m */,
				2003C6381E714E300051BD48 /* MyClass.h */,
				2003C6391E714E300051BD48 /* MyClass.m */,
				2003C63B1E714E440051BD48 /* MyClass+MyAddition.h */,
				2003C63C1E714E440051BD48 /* MyClass+MyAddition.m */,
				2003C60E1E714E220051BD48 /* Main.storyboard */,
				2003C6111E714E220051BD48 /* Assets.xcassets */,
				2003C6131E714E220051BD48 /* LaunchScreen.storyboard */,
				2003C6161E714E220051BD48 /* Info.plist */,
				2003C6051E714E220051BD48 /* Supporting Files */,
			);
			path = Category;
			sourceTree = "<group>";
		};
		2003C6051E714E220051BD48 /* Supporting Files */ = {
			isa = PBXGroup;
			children = (
				2003C6061E714E220051BD48 /* main.m */,
			);
			name = "Supporting Files";
			sourceTree = "<group>";
		};
		2003C61E1E714E220051BD48 /* CategoryTests */ = {
			isa = PBXGroup;
			children = (
				2003C61F1E714E220051BD48 /* CategoryTests.m */,
				2003C6211E714E220051BD48 /* Info.plist */,
			);
			path = CategoryTests;
			sourceTree = "<group>";
		};
		2003C6291E714E220051BD48 /* CategoryUITests */ = {
			isa = PBXGroup;
			children = (
				2003C62A1E714E220051BD48 /* CategoryUITests.m */,
				2003C62C1E714E220051BD48 /* Info.plist */,
			);
			path = CategoryUITests;
			sourceTree = "<group>";
		};
/* End PBXGroup section */

/* Begin PBXNativeTarget section */
		2003C6011E714E220051BD48 /* Category */ = {
			isa = PBXNativeTarget;
			buildConfigurationList = 2003C62F1E714E220051BD48 /* Build configuration list for PBXNativeTarget "Category" */;
			buildPhases = (
				2003C5FE1E714E220051BD48 /* Sources */,
				2003C5FF1E714E220051BD48 /* Frameworks */,
				2003C6001E714E220051BD48 /* Resources */,
			);
			buildRules = (
			);
			dependencies = (
			);
			name = Category;
			productName = Category;
			productReference = 2003C6021E714E220051BD48 /* Category.app */;
			productType = "com.apple.product-type.application";
		};
		2003C61A1E714E220051BD48 /* CategoryTests */ = {
			isa = PBXNativeTarget;
			buildConfigurationList = 2003C6321E714E220051BD48 /* Build configuration list for PBXNativeTarget "CategoryTests" */;
			buildPhases = (
				2003C6171E714E220051BD48 /* Sources */,
				2003C6181E714E220051BD48 /* Frameworks */,
				2003C6191E714E220051BD48 /* Resources */,
			);
			buildRules = (
			);
			dependencies = (
				2003C61D1E714E220051BD48 /* PBXTargetDependency */,
			);
			name = CategoryTests;
			productName = CategoryTests;
			productReference = 2003C61B1E714E220051BD48 /* CategoryTests.xctest */;
			productType = "com.apple.product-type.bundle.unit-test";
		};
		2003C6251E714E220051BD48 /* CategoryUITests */ = {
			isa = PBXNativeTarget;
			buildConfigurationList = 2003C6351E714E220051BD48 /* Build configuration list for PBXNativeTarget "CategoryUITests" */;
			buildPhases = (
				2003C6221E714E220051BD48 /* Sources */,
				2003C6231E714E220051BD48 /* Frameworks */,
				2003C6241E714E220051BD48 /* Resources */,
			);
			buildRules = (
			);
			dependencies = (
				2003C6281E714E220051BD48 /* PBXTargetDependency */,
			);
			name = CategoryUITests;
			productName = CategoryUITests;
			productReference = 2003C6261E714E220051BD48 /* CategoryUITests.xctest */;
			productType = "com.apple.product-type.bundle.ui-testing";
		};
/* End PBXNativeTarget section */

/* Begin PBXProject section */
		2003C5FA1E714E220051BD48 /* Project object */ = {
			isa = PBXProject;
			attributes = {
				LastUpgradeCheck = 0820;
				ORGANIZATIONNAME = LuzhiChao;
				TargetAttributes = {
					2003C6011E714E220051BD48 = {
						CreatedOnToolsVersion = 8.2.1;
						DevelopmentTeam = 3LMBP3JJBU;
						ProvisioningStyle = Manual;
					};
					2003C61A1E714E220051BD48 = {
						CreatedOnToolsVersion = 8.2.1;
						ProvisioningStyle = Automatic;
						TestTargetID = 2003C6011E714E220051BD48;
					};
					2003C6251E714E220051BD48 = {
						CreatedOnToolsVersion = 8.2.1;
						ProvisioningStyle = Automatic;
						TestTargetID = 2003C6011E714E220051BD48;
					};
				};
			};
			buildConfigurationList = 2003C5FD1E714E220051BD48 /* Build configuration list for PBXProject "Category" */;
			compatibilityVersion = "Xcode 3.2";
			developmentRegion = English;
			hasScannedForEncodings = 0;
			knownRegions = (
				en,
				Base,
			);
			mainGroup = 2003C5F91E714E220051BD48;
			productRefGroup = 2003C6031E714E220051BD48 /* Products */;
			projectDirPath = "";
			projectRoot = "";
			targets = (
				2003C6011E714E220051BD48 /* Category */,
				2003C61A1E714E220051BD48 /* CategoryTests */,
				2003C6251E714E220051BD48 /* CategoryUITests */,
			);
		};
/* End PBXProject section */

/* Begin PBXResourcesBuildPhase section */
		2003C6001E714E220051BD48 /* Resources */ = {
			isa = PBXResourcesBuildPhase;
			buildActionMask = 2147483647;
			files = (
				2003C6151E714E220051BD48 /* LaunchScreen.storyboard in Resources */,
				2003C6121E714E220051BD48 /* Assets.xcassets in Resources */,
				2003C6101E714E220051BD48 /* Main.storyboard in Resources */,
			);
			runOnlyForDeploymentPostprocessing = 0;
		};
		2003C6191E714E220051BD48 /* Resources */ = {
			isa = PBXResourcesBuildPhase;
			buildActionMask = 2147483647;
			files = (
			);
			runOnlyForDeploymentPostprocessing = 0;
		};
		2003C6241E714E220051BD48 /* Resources */ = {
			isa = PBXResourcesBuildPhase;
			buildActionMask = 2147483647;
			files = (
			);
			runOnlyForDeploymentPostprocessing = 0;
		};
/* End PBXResourcesBuildPhase section */

/* Begin PBXSourcesBuildPhase section */
		2003C5FE1E714E220051BD48 /* Sources */ = {
			isa = PBXSourcesBuildPhase;
			buildActionMask = 2147483647;
			files = (
				2003C63D1E714E440051BD48 /* MyClass+MyAddition.m in Sources */,
				2003C63A1E714E300051BD48 /* MyClass.m in Sources */,
				2003C60D1E714E220051BD48 /* ViewController.m in Sources */,
				2003C60A1E714E220051BD48 /* AppDelegate.m in Sources */,
				2003C6071E714E220051BD48 /* main.m in Sources */,
			);
			runOnlyForDeploymentPostprocessing = 0;
		};
		2003C6171E714E220051BD48 /* Sources */ = {
			isa = PBXSourcesBuildPhase;
			buildActionMask = 2147483647;
			files = (
				2003C6201E714E220051BD48 /* CategoryTests.m in Sources */,
			);
			runOnlyForDeploymentPostprocessing = 0;
		};
		2003C6221E714E220051BD48 /* Sources */ = {
			isa = PBXSourcesBuildPhase;
			buildActionMask = 2147483647;
			files = (
				2003C62B1E714E220051BD48 /* CategoryUITests.m in Sources */,
			);
			runOnlyForDeploymentPostprocessing = 0;
		};
/* End PBXSourcesBuildPhase section */

/* Begin PBXTargetDependency section */
		2003C61D1E714E220051BD48 /* PBXTargetDependency */ = {
			isa = PBXTargetDependency;
			target = 2003C6011E714E220051BD48 /* Category */;
			targetProxy = 2003C61C1E714E220051BD48 /* PBXContainerItemProxy */;
		};
		2003C6281E714E220051BD48 /* PBXTargetDependency */ = {
			isa = PBXTargetDependency;
			target = 2003C6011E714E220051BD48 /* Category */;
			targetProxy = 2003C6271E714E220051BD48 /* PBXContainerItemProxy */;
		};
/* End PBXTargetDependency section */

/* Begin PBXVariantGroup section */
		2003C60E1E714E220051BD48 /* Main.storyboard */ = {
			isa = PBXVariantGroup;
			children = (
				2003C60F1E714E220051BD48 /* Base */,
			);
			name = Main.storyboard;
			sourceTree = "<group>";
		};
		2003C6131E714E220051BD48 /* LaunchScreen.storyboard */ = {
			isa = PBXVariantGroup;
			children = (
				2003C6141E714E220051BD48 /* Base */,
			);
			name = LaunchScreen.storyboard;
			sourceTree = "<group>";
		};
/* End PBXVariantGroup section */

/* Begin XCBuildConfiguration section */
		2003C62D1E714E220051BD48 /* Debug */ = {
			isa = XCBuildConfiguration;
			buildSettings = {
				ALWAYS_SEARCH_USER_PATHS = NO;
				CLANG_ANALYZER_NONNULL = YES;
				CLANG_CXX_LANGUAGE_STANDARD = "gnu++0x";
				CLANG_CXX_LIBRARY = "libc++";
				CLANG_ENABLE_MODULES = YES;
				CLANG_ENABLE_OBJC_ARC = YES;
				CLANG_WARN_BOOL_CONVERSION = YES;
				CLANG_WARN_CONSTANT_CONVERSION = YES;
				CLANG_WARN_DIRECT_OBJC_ISA_USAGE = YES_ERROR;
				CLANG_WARN_DOCUMENTATION_COMMENTS = YES;
				CLANG_WARN_EMPTY_BODY = YES;
				CLANG_WARN_ENUM_CONVERSION = YES;
				CLANG_WARN_INFINITE_RECURSION = YES;
				CLANG_WARN_INT_CONVERSION = YES;
				CLANG_WARN_OBJC_ROOT_CLASS = YES_ERROR;
				CLANG_WARN_SUSPICIOUS_MOVE = YES;
				CLANG_WARN_UNREACHABLE_CODE = YES;
				CLANG_WARN__DUPLICATE_METHOD_MATCH = YES;
				"CODE_SIGN_IDENTITY[sdk=iphoneos*]" = "iPhone Developer";
				COPY_PHASE_STRIP = NO;
				DEBUG_INFORMATION_FORMAT = dwarf;
				ENABLE_STRICT_OBJC_MSGSEND = YES;
				ENABLE_TESTABILITY = YES;
				GCC_C_LANGUAGE_STANDARD = gnu99;
				GCC_DYNAMIC_NO_PIC = NO;
				GCC_NO_COMMON_BLOCKS = YES;
				GCC_OPTIMIZATION_LEVEL = 0;
				GCC_PREPROCESSOR_DEFINITIONS = (
					"DEBUG=1",
					"$(inherited)",
				);
				GCC_WARN_64_TO_32_BIT_CONVERSION = YES;
				GCC_WARN_ABOUT_RETURN_TYPE = YES_ERROR;
				GCC_WARN_UNDECLARED_SELECTOR = YES;
				GCC_WARN_UNINITIALIZED_AUTOS = YES_AGGRESSIVE;
				GCC_WARN_UNUSED_FUNCTION = YES;
				GCC_WARN_UNUSED_VARIABLE = YES;
				IPHONEOS_DEPLOYMENT_TARGET = 10.2;
				MTL_ENABLE_DEBUG_INFO = YES;
				ONLY_ACTIVE_ARCH = YES;
				SDKROOT = iphoneos;
				TARGETED_DEVICE_FAMILY = "1,2";
			};
			name = Debug;
		};
		2003C62E1E714E220051BD48 /* Release */ = {
			isa = XCBuildConfiguration;
			buildSettings = {
				ALWAYS_SEARCH_USER_PATHS = NO;
				CLANG_ANALYZER_NONNULL = YES;
				CLANG_CXX_LANGUAGE_STANDARD = "gnu++0x";
				CLANG_CXX_LIBRARY = "libc++";
				CLANG_ENABLE_MODULES = YES;
				CLANG_ENABLE_OBJC_ARC = YES;
				CLANG_WARN_BOOL_CONVERSION = YES;
				CLANG_WARN_CONSTANT_CONVERSION = YES;
				CLANG_WARN_DIRECT_OBJC_ISA_USAGE = YES_ERROR;
				CLANG_WARN_DOCUMENTATION_COMMENTS = YES;
				CLANG_WARN_EMPTY_BODY = YES;
				CLANG_WARN_ENUM_CONVERSION = YES;
				CLANG_WARN_INFINITE_RECURSION = YES;
				CLANG_WARN_INT_CONVERSION = YES;
				CLANG_WARN_OBJC_ROOT_CLASS = YES_ERROR;
				CLANG_WARN_SUSPICIOUS_MOVE = YES;
				CLANG_WARN_UNREACHABLE_CODE = YES;
				CLANG_WARN__DUPLICATE_METHOD_MATCH = YES;
				"CODE_SIGN_IDENTITY[sdk=iphoneos*]" = "iPhone Developer";
				COPY_PHASE_STRIP = NO;
				DEBUG_INFORMATION_FORMAT = "dwarf-with-dsym";
				ENABLE_NS_ASSERTIONS = NO;
				ENABLE_STRICT_OBJC_MSGSEND = YES;
				GCC_C_LANGUAGE_STANDARD = gnu99;
				GCC_NO_COMMON_BLOCKS = YES;
				GCC_WARN_64_TO_32_BIT_CONVERSION = YES;
				GCC_WARN_ABOUT_RETURN_TYPE = YES_ERROR;
				GCC_WARN_UNDECLARED_SELECTOR = YES;
				GCC_WARN_UNINITIALIZED_AUTOS = YES_AGGRESSIVE;
				GCC_WARN_UNUSED_FUNCTION = YES;
				GCC_WARN_UNUSED_VARIABLE = YES;
				IPHONEOS_DEPLOYMENT_TARGET = 10.2;
				MTL_ENABLE_DEBUG_INFO = NO;
				SDKROOT = iphoneos;
				TARGETED_DEVICE_FAMILY = "1,2";
				VALIDATE_PRODUCT = YES;
			};
			name = Release;
		};
		2003C6301E714E220051BD48 /* Debug */ = {
			isa = XCBuildConfiguration;
			buildSettings = {
				ASSETCATALOG_COMPILER_APPICON_NAME = AppIcon;
				CODE_SIGN_STYLE = Manual;
				DEVELOPMENT_TEAM = 3LMBP3JJBU;
				INFOPLIST_FILE = Category/Info.plist;
				LD_RUNPATH_SEARCH_PATHS = "$(inherited) @executable_path/Frameworks";
				PRODUCT_BUNDLE_IDENTIFIER = tongyongbundleid;
				PRODUCT_NAME = "$(TARGET_NAME)";
				PROVISIONING_PROFILE = "5b555438-ff6c-4edc-873a-6656dd8c119b";
				PROVISIONING_PROFILE_SPECIFIER = tongyong;
			};
			name = Debug;
		};
		2003C6311E714E220051BD48 /* Release */ = {
			isa = XCBuildConfiguration;
			buildSettings = {
				ASSETCATALOG_COMPILER_APPICON_NAME = AppIcon;
				CODE_SIGN_STYLE = Manual;
				DEVELOPMENT_TEAM = 3LMBP3JJBU;
				INFOPLIST_FILE = Category/Info.plist;
				LD_RUNPATH_SEARCH_PATHS = "$(inherited) @executable_path/Frameworks";
				PRODUCT_BUNDLE_IDENTIFIER = tongyongbundleid;
				PRODUCT_NAME = "$(TARGET_NAME)";
				PROVISIONING_PROFILE = "5b555438-ff6c-4edc-873a-6656dd8c119b";
				PROVISIONING_PROFILE_SPECIFIER = tongyong;
			};
			name = Release;
		};
		2003C6331E714E220051BD48 /* Debug */ = {
			isa = XCBuildConfiguration;
			buildSettings = {
				BUNDLE_LOADER = "$(TEST_HOST)";
				INFOPLIST_FILE = CategoryTests/Info.plist;
				LD_RUNPATH_SEARCH_PATHS = "$(inherited) @executable_path/Frameworks @loader_path/Frameworks";
				PRODUCT_BUNDLE_IDENTIFIER = com.ljkj.CategoryTests;
				PRODUCT_NAME = "$(TARGET_NAME)";
				TEST_HOST = "$(BUILT_PRODUCTS_DIR)/Category.app/Category";
			};
			name = Debug;
		};
		2003C6341E714E220051BD48 /* Release */ = {
			isa = XCBuildConfiguration;
			buildSettings = {
				BUNDLE_LOADER = "$(TEST_HOST)";
				INFOPLIST_FILE = CategoryTests/Info.plist;
				LD_RUNPATH_SEARCH_PATHS = "$(inherited) @executable_path/Frameworks @loader_path/Frameworks";
				PRODUCT_BUNDLE_IDENTIFIER = com.ljkj.CategoryTests;
				PRODUCT_NAME = "$(TARGET_NAME)";
				TEST_HOST = "$(BUILT_PRODUCTS_DIR)/Category.app/Category";
			};
			name = Release;
		};
		2003C6361E714E220051BD48 /* Debug */ = {
			isa = XCBuildConfiguration;
			buildSettings = {
				INFOPLIST_FILE = CategoryUITests/Info.plist;
				LD_RUNPATH_SEARCH_PATHS = "$(inherited) @executable_path/Frameworks @loader_path/Frameworks";
				PRODUCT_BUNDLE_IDENTIFIER = com.ljkj.CategoryUITests;
				PRODUCT_NAME = "$(TARGET_NAME)";
				TEST_TARGET_NAME = Category;
			};
			name = Debug;
		};
		2003C6371E714E220051BD48 /* Release */ = {
			isa = XCBuildConfiguration;
			buildSettings = {
				INFOPLIST_FILE = CategoryUITests/Info.plist;
				LD_RUNPATH_SEARCH_PATHS = "$(inherited) @executable_path/Frameworks @loader_path/Frameworks";
				PRODUCT_BUNDLE_IDENTIFIER = com.ljkj.CategoryUITests;
				PRODUCT_NAME = "$(TARGET_NAME)";
				TEST_TARGET_NAME = Category;
			};
			name = Release;
		};
/* End XCBuildConfiguration section */

/* Begin XCConfigurationList section */
		2003C5FD1E714E220051BD48 /* Build configuration list for PBXProject "Category" */ = {
			isa = XCConfigurationList;
			buildConfigurations = (
				2003C62D1E714E220051BD48 /* Debug */,
				2003C62E1E714E220051BD48 /* Release */,
			);
			defaultConfigurationIsVisible = 0;
			defaultConfigurationName = Release;
		};
		2003C62F1E714E220051BD48 /* Build configuration list for PBXNativeTarget "Category" */ = {
			isa = XCConfigurationList;
			buildConfigurations = (
				2003C6301E714E220051BD48 /* Debug */,
				2003C6311E714E220051BD48 /* Release */,
			);
			defaultConfigurationIsVisible = 0;
			defaultConfigurationName = Release;
		};
		2003C6321E714E220051BD48 /* Build configuration list for PBXNativeTarget "CategoryTests" */ = {
			isa = XCConfigurationList;
			buildConfigurations = (
				2003C6331E714E220051BD48 /* Debug */,
				2003C6341E714E220051BD48 /* Release */,
			);
			defaultConfigurationIsVisible = 0;
			defaultConfigurationName = Release;
		};
		2003C6351E714E220051BD48 /* Build configuration list for PBXNativeTarget "CategoryUITests" */ = {
			isa = XCConfigurationList;
			buildConfigurations = (
				2003C6361E714E220051BD48 /* Debug */,
				2003C6371E714E220051BD48 /* Release */,
			);
			defaultConfigurationIsVisible = 0;
			defaultConfigurationName = Release;
		};
/* End XCConfigurationList section */
	};
	rootObject = 2003C5FA1E714E220051BD48 /* Project object */;
}
